// !$*UTF8*$!
{
	archiveVersion = 1;
	classes = {
	};
	objectVersion = 46;
	objects = {

/* Begin PBXBuildFile section */
		ADAFF6BF1CB9449300B29050 /* AppDelegate.swift in Sources */ = {isa = PBXBuildFile; fileRef = ADAFF6BE1CB9449300B29050 /* AppDelegate.swift */; };
		ADAFF6C11CB9449300B29050 /* ViewController.swift in Sources */ = {isa = PBXBuildFile; fileRef = ADAFF6C01CB9449300B29050 /* ViewController.swift */; };
		ADAFF6C31CB9449300B29050 /* Assets.xcassets in Resources */ = {isa = PBXBuildFile; fileRef = ADAFF6C21CB9449300B29050 /* Assets.xcassets */; };
		ADAFF6C61CB9449300B29050 /* Main.storyboard in Resources */ = {isa = PBXBuildFile; fileRef = ADAFF6C41CB9449300B29050 /* Main.storyboard */; };
/* End PBXBuildFile section */

/* Begin PBXFileReference section */
		ADAFF6BB1CB9449300B29050 /* Tetris-Mac.app */ = {isa = PBXFileReference; explicitFileType = wrapper.application; includeInIndex = 0; path = "Tetris-Mac.app"; sourceTree = BUILT_PRODUCTS_DIR; };
		ADAFF6BE1CB9449300B29050 /* AppDelegate.swift */ = {isa = PBXFileReference; lastKnownFileType = sourcecode.swift; path = AppDelegate.swift; sourceTree = "<group>"; };
		ADAFF6C01CB9449300B29050 /* ViewController.swift */ = {isa = PBXFileReference; lastKnownFileType = sourcecode.swift; path = ViewController.swift; sourceTree = "<group>"; };
		ADAFF6C21CB9449300B29050 /* Assets.xcassets */ = {isa = PBXFileReference; lastKnownFileType = folder.assetcatalog; path = Assets.xcassets; sourceTree = "<group>"; };
		ADAFF6C51CB9449300B29050 /* Base */ = {isa = PBXFileReference; lastKnownFileType = file.storyboard; name = Base; path = Base.lproj/Main.storyboard; sourceTree = "<group>"; };
		ADAFF6C71CB9449300B29050 /* Info.plist */ = {isa = PBXFileReference; lastKnownFileType = text.plist.xml; path = Info.plist; sourceTree = "<group>"; };
/* End PBXFileReference section */

/* Begin PBXFrameworksBuildPhase section */
		ADAFF6B81CB9449300B29050 /* Frameworks */ = {
			isa = PBXFrameworksBuildPhase;
			buildActionMask = 2147483647;
			files = (
			);
			runOnlyForDeploymentPostprocessing = 0;
		};
/* End PBXFrameworksBuildPhase section */

/* Begin PBXGroup section */
		ADAFF6B21CB9449300B29050 = {
			isa = PBXGroup;
			children = (
				ADAFF6BD1CB9449300B29050 /* Tetris-Mac */,
				ADAFF6BC1CB9449300B29050 /* Products */,
			);
			sourceTree = "<group>";
		};
		ADAFF6BC1CB9449300B29050 /* Products */ = {
			isa = PBXGroup;
			children = (
				ADAFF6BB1CB9449300B29050 /* Tetris-Mac.app */,
			);
			name = Products;
			sourceTree = "<group>";
		};
		ADAFF6BD1CB9449300B29050 /* Tetris-Mac */ = {
			isa = PBXGroup;
			children = (
				ADAFF6BE1CB9449300B29050 /* AppDelegate.swift */,
				ADAFF6C01CB9449300B29050 /* ViewController.swift */,
				ADAFF6C21CB9449300B29050 /* Assets.xcassets */,
				ADAFF6C41CB9449300B29050 /* Main.storyboard */,
				ADAFF6C71CB9449300B29050 /* Info.plist */,
			);
			path = "Tetris-Mac";
			sourceTree = "<group>";
		};
/* End PBXGroup section */

/* Begin PBXNativeTarget section */
		ADAFF6BA1CB9449300B29050 /* Tetris-Mac */ = {
			isa = PBXNativeTarget;
			buildConfigurationList = ADAFF6CA1CB9449300B29050 /* Build configuration list for PBXNativeTarget "Tetris-Mac" */;
			buildPhases = (
				ADAFF6B71CB9449300B29050 /* Sources */,
				ADAFF6B81CB9449300B29050 /* Frameworks */,
				ADAFF6B91CB9449300B29050 /* Resources */,
			);
			buildRules = (
			);
			dependencies = (
			);
			name = "Tetris-Mac";
			productName = "Tetris-Mac";
			productReference = ADAFF6BB1CB9449300B29050 /* Tetris-Mac.app */;
			productType = "com.apple.product-type.application";
		};
/* End PBXNativeTarget section */

/* Begin PBXProject section */
		ADAFF6B31CB9449300B29050 /* Project object */ = {
			isa = PBXProject;
			attributes = {
				LastSwiftUpdateCheck = 0730;
				LastUpgradeCheck = 0730;
				ORGANIZATIONNAME = MiniBear0523;
				TargetAttributes = {
					ADAFF6BA1CB9449300B29050 = {
						CreatedOnToolsVersion = 7.3;
					};
				};
			};
			buildConfigurationList = ADAFF6B61CB9449300B29050 /* Build configuration list for PBXProject "Tetris-Mac" */;
			compatibilityVersion = "Xcode 3.2";
			developmentRegion = English;
			hasScannedForEncodings = 0;
			knownRegions = (
				en,
				Base,
			);
			mainGroup = ADAFF6B21CB9449300B29050;
			productRefGroup = ADAFF6BC1CB9449300B29050 /* Products */;
			projectDirPath = "";
			projectRoot = "";
			targets = (
				ADAFF6BA1CB9449300B29050 /* Tetris-Mac */,
			);
		};
/* End PBXProject section */

/* Begin PBXResourcesBuildPhase section */
		ADAFF6B91CB9449300B29050 /* Resources */ = {
			isa = PBXResourcesBuildPhase;
			buildActionMask = 2147483647;
			files = (
				ADAFF6C31CB9449300B29050 /* Assets.xcassets in Resources */,
				ADAFF6C61CB9449300B29050 /* Main.storyboard in Resources */,
			);
			runOnlyForDeploymentPostprocessing = 0;
		};
/* End PBXResourcesBuildPhase section */

/* Begin PBXSourcesBuildPhase section */
		ADAFF6B71CB9449300B29050 /* Sources */ = {
			isa = PBXSourcesBuildPhase;
			buildActionMask = 2147483647;
			files = (
				ADAFF6C11CB9449300B29050 /* ViewController.swift in Sources */,
				ADAFF6BF1CB9449300B29050 /* AppDelegate.swift in Sources */,
			);
			runOnlyForDeploymentPostprocessing = 0;
		};
/* End PBXSourcesBuildPhase section */

/* Begin PBXVariantGroup section */
		ADAFF6C41CB9449300B29050 /* Main.storyboard */ = {
			isa = PBXVariantGroup;
			children = (
				ADAFF6C51CB9449300B29050 /* Base */,
			);
			name = Main.storyboard;
			sourceTree = "<group>";
		};
/* End PBXVariantGroup section */

/* Begin XCBuildConfiguration section */
		ADAFF6C81CB9449300B29050 /* Debug */ = {
			isa = XCBuildConfiguration;
			buildSettings = {
				ALWAYS_SEARCH_USER_PATHS = NO;
				CLANG_ANALYZER_NONNULL = YES;
				CLANG_CXX_LANGUAGE_STANDARD = "gnu++0x";
				CLANG_CXX_LIBRARY = "libc++";
				CLANG_ENABLE_MODULES = YES;
				CLANG_ENABLE_OBJC_ARC = YES;
				CLANG_WARN_BOOL_CONVERSION = YES;
				CLANG_WARN_CONSTANT_CONVERSION = YES;
				CLANG_WARN_DIRECT_OBJC_ISA_USAGE = YES_ERROR;
				CLANG_WARN_EMPTY_BODY = YES;
				CLANG_WARN_ENUM_CONVERSION = YES;
				CLANG_WARN_INT_CONVERSION = YES;
				CLANG_WARN_OBJC_ROOT_CLASS = YES_ERROR;
				CLANG_WARN_UNREACHABLE_CODE = YES;
				CLANG_WARN__DUPLICATE_METHOD_MATCH = YES;
				CODE_SIGN_IDENTITY = "-";
				COPY_PHASE_STRIP = NO;
				DEBUG_INFORMATION_FORMAT = dwarf;
				ENABLE_STRICT_OBJC_MSGSEND = YES;
				ENABLE_TESTABILITY = YES;
				GCC_C_LANGUAGE_STANDARD = gnu99;
				GCC_DYNAMIC_NO_PIC = NO;
				GCC_NO_COMMON_BLOCKS = YES;
				GCC_OPTIMIZATION_LEVEL = 0;
				GCC_PREPROCESSOR_DEFINITIONS = (
					"DEBUG=1",
					"$(inherited)",
				);
				GCC_WARN_64_TO_32_BIT_CONVERSION = YES;
				GCC_WARN_ABOUT_RETURN_TYPE = YES_ERROR;
				GCC_WARN_UNDECLARED_SELECTOR = YES;
				GCC_WARN_UNINITIALIZED_AUTOS = YES_AGGRESSIVE;
				GCC_WARN_UNUSED_FUNCTION = YES;
				GCC_WARN_UNUSED_VARIABLE = YES;
				MACOSX_DEPLOYMENT_TARGET = 10.11;
				MTL_ENABLE_DEBUG_INFO = YES;
				ONLY_ACTIVE_ARCH = YES;
				SDKROOT = macosx;
				SWIFT_OPTIMIZATION_LEVEL = "-Onone";
			};
			name = Debug;
		};
		ADAFF6C91CB9449300B29050 /* Release */ = {
			isa = XCBuildConfiguration;
			buildSettings = {
				ALWAYS_SEARCH_USER_PATHS = NO;
				CLANG_ANALYZER_NONNULL = YES;
				CLANG_CXX_LANGUAGE_STANDARD = "gnu++0x";
				CLANG_CXX_LIBRARY = "libc++";
				CLANG_ENABLE_MODULES = YES;
				CLANG_ENABLE_OBJC_ARC = YES;
				CLANG_WARN_BOOL_CONVERSION = YES;
				CLANG_WARN_CONSTANT_CONVERSION = YES;
				CLANG_WARN_DIRECT_OBJC_ISA_USAGE = YES_ERROR;
				CLANG_WARN_EMPTY_BODY = YES;
				CLANG_WARN_ENUM_CONVERSION = YES;
				CLANG_WARN_INT_CONVERSION = YES;
				CLANG_WARN_OBJC_ROOT_CLASS = YES_ERROR;
				CLANG_WARN_UNREACHABLE_CODE = YES;
				CLANG_WARN__DUPLICATE_METHOD_MATCH = YES;
				CODE_SIGN_IDENTITY = "-";
				COPY_PHASE_STRIP = NO;
				DEBUG_INFORMATION_FORMAT = "dwarf-with-dsym";
				ENABLE_NS_ASSERTIONS = NO;
				ENABLE_STRICT_OBJC_MSGSEND = YES;
				GCC_C_LANGUAGE_STANDARD = gnu99;
				GCC_NO_COMMON_BLOCKS = YES;
				GCC_WARN_64_TO_32_BIT_CONVERSION = YES;
				GCC_WARN_ABOUT_RETURN_TYPE = YES_ERROR;
				GCC_WARN_UNDECLARED_SELECTOR = YES;
				GCC_WARN_UNINITIALIZED_AUTOS = YES_AGGRESSIVE;
				GCC_WARN_UNUSED_FUNCTION = YES;
				GCC_WARN_UNUSED_VARIABLE = YES;
				MACOSX_DEPLOYMENT_TARGET = 10.11;
				MTL_ENABLE_DEBUG_INFO = NO;
				SDKROOT = macosx;
			};
			name = Release;
		};
		ADAFF6CB1CB9449300B29050 /* Debug */ = {
			isa = XCBuildConfiguration;
			buildSettings = {
				ASSETCATALOG_COMPILER_APPICON_NAME = AppIcon;
				COMBINE_HIDPI_IMAGES = YES;
				INFOPLIST_FILE = "Tetris-Mac/Info.plist";
				LD_RUNPATH_SEARCH_PATHS = "$(inherited) @executable_path/../Frameworks";
				PRODUCT_BUNDLE_IDENTIFIER = "com.skystarstudio.Tetris-Mac";
				PRODUCT_NAME = "$(TARGET_NAME)";
			};
			name = Debug;
		};
		ADAFF6CC1CB9449300B29050 /* Release */ = {
			isa = XCBuildConfiguration;
			buildSettings = {
				ASSETCATALOG_COMPILER_APPICON_NAME = AppIcon;
				COMBINE_HIDPI_IMAGES = YES;
				INFOPLIST_FILE = "Tetris-Mac/Info.plist";
				LD_RUNPATH_SEARCH_PATHS = "$(inherited) @executable_path/../Frameworks";
				PRODUCT_BUNDLE_IDENTIFIER = "com.skystarstudio.Tetris-Mac";
				PRODUCT_NAME = "$(TARGET_NAME)";
			};
			name = Release;
		};
/* End XCBuildConfiguration section */

/* Begin XCConfigurationList section */
		ADAFF6B61CB9449300B29050 /* Build configuration list for PBXProject "Tetris-Mac" */ = {
			isa = XCConfigurationList;
			buildConfigurations = (
				ADAFF6C81CB9449300B29050 /* Debug */,
				ADAFF6C91CB9449300B29050 /* Release */,
			);
			defaultConfigurationIsVisible = 0;
			defaultConfigurationName = Release;
		};
		ADAFF6CA1CB9449300B29050 /* Build configuration list for PBXNativeTarget "Tetris-Mac" */ = {
			isa = XCConfigurationList;
			buildConfigurations = (
				ADAFF6CB1CB9449300B29050 /* Debug */,
				ADAFF6CC1CB9449300B29050 /* Release */,
			);
			defaultConfigurationIsVisible = 0;
		};
/* End XCConfigurationList section */
	};
	rootObject = ADAFF6B31CB9449300B29050 /* Project object */;
}
