// !$*UTF8*$!
{
	archiveVersion = 1;
	classes = {
	};
	objectVersion = 46;
	objects = {

/* Begin PBXBuildFile section */
		AD2ABCA91CB95961005EC237 /* SquareShape.swift in Sources */ = {isa = PBXBuildFile; fileRef = AD2ABCA81CB95961005EC237 /* SquareShape.swift */; };
		AD2ABCAB1CB95967005EC237 /* LineShape.swift in Sources */ = {isa = PBXBuildFile; fileRef = AD2ABCAA1CB95967005EC237 /* LineShape.swift */; };
		AD2ABCAD1CB9596D005EC237 /* TShape.swift in Sources */ = {isa = PBXBuildFile; fileRef = AD2ABCAC1CB9596D005EC237 /* TShape.swift */; };
		AD2ABCAF1CB95974005EC237 /* LShape.swift in Sources */ = {isa = PBXBuildFile; fileRef = AD2ABCAE1CB95974005EC237 /* LShape.swift */; };
		AD2ABCB11CB95979005EC237 /* JShape.swift in Sources */ = {isa = PBXBuildFile; fileRef = AD2ABCB01CB95979005EC237 /* JShape.swift */; };
		AD2ABCB31CB9597E005EC237 /* SShape.swift in Sources */ = {isa = PBXBuildFile; fileRef = AD2ABCB21CB9597E005EC237 /* SShape.swift */; };
		AD2ABCB51CB95983005EC237 /* ZShape.swift in Sources */ = {isa = PBXBuildFile; fileRef = AD2ABCB41CB95983005EC237 /* ZShape.swift */; };
		AD2ABCB71CB95C0E005EC237 /* Tetris.swift in Sources */ = {isa = PBXBuildFile; fileRef = AD2ABCB61CB95C0E005EC237 /* Tetris.swift */; };
		AD2ABCB91CBA3A9F005EC237 /* GameScene.swift in Sources */ = {isa = PBXBuildFile; fileRef = AD2ABCB81CBA3A9F005EC237 /* GameScene.swift */; };
		ADA6938A1CBA95C00025197D /* SpriteKit.framework in Frameworks */ = {isa = PBXBuildFile; fileRef = ADAFF6D11CB9450200B29050 /* SpriteKit.framework */; };
		ADA6938C1CBA9E330025197D /* GameWindowController.swift in Sources */ = {isa = PBXBuildFile; fileRef = ADA6938B1CBA9E330025197D /* GameWindowController.swift */; };
		ADA693951CBAA6050025197D /* background.png in Resources */ = {isa = PBXBuildFile; fileRef = ADA6938F1CBAA6050025197D /* background.png */; };
		ADA693961CBAA6050025197D /* background@2x.png in Resources */ = {isa = PBXBuildFile; fileRef = ADA693901CBAA6050025197D /* background@2x.png */; };
		ADA693971CBAA6050025197D /* gameboard.png in Resources */ = {isa = PBXBuildFile; fileRef = ADA693911CBAA6050025197D /* gameboard.png */; };
		ADA693981CBAA6050025197D /* gameboard@2x.png in Resources */ = {isa = PBXBuildFile; fileRef = ADA693921CBAA6050025197D /* gameboard@2x.png */; };
		ADA693991CBAA6050025197D /* whitebg.png in Resources */ = {isa = PBXBuildFile; fileRef = ADA693931CBAA6050025197D /* whitebg.png */; };
		ADA6939A1CBAA6050025197D /* whitebg@2x.png in Resources */ = {isa = PBXBuildFile; fileRef = ADA693941CBAA6050025197D /* whitebg@2x.png */; };
		ADA693A11CBAA60D0025197D /* bomb.mp3 in Resources */ = {isa = PBXBuildFile; fileRef = ADA6939C1CBAA60D0025197D /* bomb.mp3 */; };
		ADA693A21CBAA60D0025197D /* drop.mp3 in Resources */ = {isa = PBXBuildFile; fileRef = ADA6939D1CBAA60D0025197D /* drop.mp3 */; };
		ADA693A31CBAA60D0025197D /* gameover.mp3 in Resources */ = {isa = PBXBuildFile; fileRef = ADA6939E1CBAA60D0025197D /* gameover.mp3 */; };
		ADA693A41CBAA60D0025197D /* levelup.mp3 in Resources */ = {isa = PBXBuildFile; fileRef = ADA6939F1CBAA60D0025197D /* levelup.mp3 */; };
		ADA693A51CBAA60D0025197D /* theme.mp3 in Resources */ = {isa = PBXBuildFile; fileRef = ADA693A01CBAA60D0025197D /* theme.mp3 */; };
		ADA693A71CBAA6120025197D /* Sprites.atlas in Resources */ = {isa = PBXBuildFile; fileRef = ADA693A61CBAA6120025197D /* Sprites.atlas */; };
		ADAFF6BF1CB9449300B29050 /* AppDelegate.swift in Sources */ = {isa = PBXBuildFile; fileRef = ADAFF6BE1CB9449300B29050 /* AppDelegate.swift */; };
		ADAFF6C11CB9449300B29050 /* ViewController.swift in Sources */ = {isa = PBXBuildFile; fileRef = ADAFF6C01CB9449300B29050 /* ViewController.swift */; };
		ADAFF6C31CB9449300B29050 /* Assets.xcassets in Resources */ = {isa = PBXBuildFile; fileRef = ADAFF6C21CB9449300B29050 /* Assets.xcassets */; };
		ADAFF6C61CB9449300B29050 /* Main.storyboard in Resources */ = {isa = PBXBuildFile; fileRef = ADAFF6C41CB9449300B29050 /* Main.storyboard */; };
		ADAFF6CF1CB944E300B29050 /* Array2D.swift in Sources */ = {isa = PBXBuildFile; fileRef = ADAFF6CE1CB944E300B29050 /* Array2D.swift */; };
		ADAFF6D41CB947E500B29050 /* Block.swift in Sources */ = {isa = PBXBuildFile; fileRef = ADAFF6D31CB947E500B29050 /* Block.swift */; };
		ADAFF6D61CB949DE00B29050 /* Shape.swift in Sources */ = {isa = PBXBuildFile; fileRef = ADAFF6D51CB949DE00B29050 /* Shape.swift */; };
/* End PBXBuildFile section */

/* Begin PBXFileReference section */
		AD2ABCA81CB95961005EC237 /* SquareShape.swift */ = {isa = PBXFileReference; fileEncoding = 4; lastKnownFileType = sourcecode.swift; path = SquareShape.swift; sourceTree = "<group>"; };
		AD2ABCAA1CB95967005EC237 /* LineShape.swift */ = {isa = PBXFileReference; fileEncoding = 4; lastKnownFileType = sourcecode.swift; path = LineShape.swift; sourceTree = "<group>"; };
		AD2ABCAC1CB9596D005EC237 /* TShape.swift */ = {isa = PBXFileReference; fileEncoding = 4; lastKnownFileType = sourcecode.swift; path = TShape.swift; sourceTree = "<group>"; };
		AD2ABCAE1CB95974005EC237 /* LShape.swift */ = {isa = PBXFileReference; fileEncoding = 4; lastKnownFileType = sourcecode.swift; path = LShape.swift; sourceTree = "<group>"; };
		AD2ABCB01CB95979005EC237 /* JShape.swift */ = {isa = PBXFileReference; fileEncoding = 4; lastKnownFileType = sourcecode.swift; path = JShape.swift; sourceTree = "<group>"; };
		AD2ABCB21CB9597E005EC237 /* SShape.swift */ = {isa = PBXFileReference; fileEncoding = 4; lastKnownFileType = sourcecode.swift; path = SShape.swift; sourceTree = "<group>"; };
		AD2ABCB41CB95983005EC237 /* ZShape.swift */ = {isa = PBXFileReference; fileEncoding = 4; lastKnownFileType = sourcecode.swift; path = ZShape.swift; sourceTree = "<group>"; };
		AD2ABCB61CB95C0E005EC237 /* Tetris.swift */ = {isa = PBXFileReference; fileEncoding = 4; lastKnownFileType = sourcecode.swift; path = Tetris.swift; sourceTree = "<group>"; };
		AD2ABCB81CBA3A9F005EC237 /* GameScene.swift */ = {isa = PBXFileReference; fileEncoding = 4; lastKnownFileType = sourcecode.swift; path = GameScene.swift; sourceTree = "<group>"; };
		ADA6938B1CBA9E330025197D /* GameWindowController.swift */ = {isa = PBXFileReference; fileEncoding = 4; lastKnownFileType = sourcecode.swift; path = GameWindowController.swift; sourceTree = "<group>"; };
		ADA6938F1CBAA6050025197D /* background.png */ = {isa = PBXFileReference; lastKnownFileType = image.png; path = background.png; sourceTree = "<group>"; };
		ADA693901CBAA6050025197D /* background@2x.png */ = {isa = PBXFileReference; lastKnownFileType = image.png; path = "background@2x.png"; sourceTree = "<group>"; };
		ADA693911CBAA6050025197D /* gameboard.png */ = {isa = PBXFileReference; lastKnownFileType = image.png; path = gameboard.png; sourceTree = "<group>"; };
		ADA693921CBAA6050025197D /* gameboard@2x.png */ = {isa = PBXFileReference; lastKnownFileType = image.png; path = "gameboard@2x.png"; sourceTree = "<group>"; };
		ADA693931CBAA6050025197D /* whitebg.png */ = {isa = PBXFileReference; lastKnownFileType = image.png; path = whitebg.png; sourceTree = "<group>"; };
		ADA693941CBAA6050025197D /* whitebg@2x.png */ = {isa = PBXFileReference; lastKnownFileType = image.png; path = "whitebg@2x.png"; sourceTree = "<group>"; };
		ADA6939C1CBAA60D0025197D /* bomb.mp3 */ = {isa = PBXFileReference; lastKnownFileType = audio.mp3; path = bomb.mp3; sourceTree = "<group>"; };
		ADA6939D1CBAA60D0025197D /* drop.mp3 */ = {isa = PBXFileReference; lastKnownFileType = audio.mp3; path = drop.mp3; sourceTree = "<group>"; };
		ADA6939E1CBAA60D0025197D /* gameover.mp3 */ = {isa = PBXFileReference; lastKnownFileType = audio.mp3; path = gameover.mp3; sourceTree = "<group>"; };
		ADA6939F1CBAA60D0025197D /* levelup.mp3 */ = {isa = PBXFileReference; lastKnownFileType = audio.mp3; path = levelup.mp3; sourceTree = "<group>"; };
		ADA693A01CBAA60D0025197D /* theme.mp3 */ = {isa = PBXFileReference; lastKnownFileType = audio.mp3; path = theme.mp3; sourceTree = "<group>"; };
		ADA693A61CBAA6120025197D /* Sprites.atlas */ = {isa = PBXFileReference; lastKnownFileType = folder.skatlas; path = Sprites.atlas; sourceTree = "<group>"; };
		ADAFF6BB1CB9449300B29050 /* Tetris-Mac.app */ = {isa = PBXFileReference; explicitFileType = wrapper.application; includeInIndex = 0; path = "Tetris-Mac.app"; sourceTree = BUILT_PRODUCTS_DIR; };
		ADAFF6BE1CB9449300B29050 /* AppDelegate.swift */ = {isa = PBXFileReference; lastKnownFileType = sourcecode.swift; path = AppDelegate.swift; sourceTree = "<group>"; };
		ADAFF6C01CB9449300B29050 /* ViewController.swift */ = {isa = PBXFileReference; lastKnownFileType = sourcecode.swift; path = ViewController.swift; sourceTree = "<group>"; };
		ADAFF6C21CB9449300B29050 /* Assets.xcassets */ = {isa = PBXFileReference; lastKnownFileType = folder.assetcatalog; path = Assets.xcassets; sourceTree = "<group>"; };
		ADAFF6C51CB9449300B29050 /* Base */ = {isa = PBXFileReference; lastKnownFileType = file.storyboard; name = Base; path = Base.lproj/Main.storyboard; sourceTree = "<group>"; };
		ADAFF6C71CB9449300B29050 /* Info.plist */ = {isa = PBXFileReference; lastKnownFileType = text.plist.xml; path = Info.plist; sourceTree = "<group>"; };
		ADAFF6CE1CB944E300B29050 /* Array2D.swift */ = {isa = PBXFileReference; fileEncoding = 4; lastKnownFileType = sourcecode.swift; path = Array2D.swift; sourceTree = "<group>"; };
		ADAFF6D11CB9450200B29050 /* SpriteKit.framework */ = {isa = PBXFileReference; lastKnownFileType = wrapper.framework; name = SpriteKit.framework; path = System/Library/Frameworks/SpriteKit.framework; sourceTree = SDKROOT; };
		ADAFF6D31CB947E500B29050 /* Block.swift */ = {isa = PBXFileReference; fileEncoding = 4; lastKnownFileType = sourcecode.swift; path = Block.swift; sourceTree = "<group>"; };
		ADAFF6D51CB949DE00B29050 /* Shape.swift */ = {isa = PBXFileReference; fileEncoding = 4; lastKnownFileType = sourcecode.swift; path = Shape.swift; sourceTree = "<group>"; };
/* End PBXFileReference section */

/* Begin PBXFrameworksBuildPhase section */
		ADAFF6B81CB9449300B29050 /* Frameworks */ = {
			isa = PBXFrameworksBuildPhase;
			buildActionMask = 2147483647;
			files = (
				ADA6938A1CBA95C00025197D /* SpriteKit.framework in Frameworks */,
			);
			runOnlyForDeploymentPostprocessing = 0;
		};
/* End PBXFrameworksBuildPhase section */

/* Begin PBXGroup section */
		AD2ABCBA1CBA3AA2005EC237 /* Scenes */ = {
			isa = PBXGroup;
			children = (
				AD2ABCB81CBA3A9F005EC237 /* GameScene.swift */,
			);
			name = Scenes;
			sourceTree = "<group>";
		};
		ADA6938D1CBAA5D20025197D /* Supporting Files */ = {
			isa = PBXGroup;
			children = (
				ADA6938E1CBAA6050025197D /* Images */,
			);
			path = "Supporting Files";
			sourceTree = "<group>";
		};
		ADA6938E1CBAA6050025197D /* Images */ = {
			isa = PBXGroup;
			children = (
				ADA6938F1CBAA6050025197D /* background.png */,
				ADA693901CBAA6050025197D /* background@2x.png */,
				ADA693911CBAA6050025197D /* gameboard.png */,
				ADA693921CBAA6050025197D /* gameboard@2x.png */,
				ADA693931CBAA6050025197D /* whitebg.png */,
				ADA693941CBAA6050025197D /* whitebg@2x.png */,
			);
			path = Images;
			sourceTree = "<group>";
		};
		ADA6939B1CBAA60D0025197D /* Sounds */ = {
			isa = PBXGroup;
			children = (
				ADA6939C1CBAA60D0025197D /* bomb.mp3 */,
				ADA6939D1CBAA60D0025197D /* drop.mp3 */,
				ADA6939E1CBAA60D0025197D /* gameover.mp3 */,
				ADA6939F1CBAA60D0025197D /* levelup.mp3 */,
				ADA693A01CBAA60D0025197D /* theme.mp3 */,
			);
			path = Sounds;
			sourceTree = "<group>";
		};
		ADAFF6B21CB9449300B29050 = {
			isa = PBXGroup;
			children = (
				ADAFF6D11CB9450200B29050 /* SpriteKit.framework */,
				ADAFF6BD1CB9449300B29050 /* Tetris-Mac */,
				ADAFF6BC1CB9449300B29050 /* Products */,
			);
			sourceTree = "<group>";
		};
		ADAFF6BC1CB9449300B29050 /* Products */ = {
			isa = PBXGroup;
			children = (
				ADAFF6BB1CB9449300B29050 /* Tetris-Mac.app */,
			);
			name = Products;
			sourceTree = "<group>";
		};
		ADAFF6BD1CB9449300B29050 /* Tetris-Mac */ = {
			isa = PBXGroup;
			children = (
				ADA693A61CBAA6120025197D /* Sprites.atlas */,
				ADA6939B1CBAA60D0025197D /* Sounds */,
				ADA6938D1CBAA5D20025197D /* Supporting Files */,
				ADAFF6BE1CB9449300B29050 /* AppDelegate.swift */,
				ADAFF6CD1CB944D400B29050 /* Controllers */,
				ADAFF6C21CB9449300B29050 /* Assets.xcassets */,
				ADAFF6C41CB9449300B29050 /* Main.storyboard */,
				ADAFF6C71CB9449300B29050 /* Info.plist */,
				ADAFF6D01CB944EA00B29050 /* Resources */,
				AD2ABCBA1CBA3AA2005EC237 /* Scenes */,
			);
			path = "Tetris-Mac";
			sourceTree = "<group>";
		};
		ADAFF6CD1CB944D400B29050 /* Controllers */ = {
			isa = PBXGroup;
			children = (
				ADAFF6C01CB9449300B29050 /* ViewController.swift */,
				ADA6938B1CBA9E330025197D /* GameWindowController.swift */,
			);
			name = Controllers;
			sourceTree = "<group>";
		};
		ADAFF6D01CB944EA00B29050 /* Resources */ = {
			isa = PBXGroup;
			children = (
				ADAFF6CE1CB944E300B29050 /* Array2D.swift */,
				ADAFF6D31CB947E500B29050 /* Block.swift */,
				ADAFF6D51CB949DE00B29050 /* Shape.swift */,
				AD2ABCA81CB95961005EC237 /* SquareShape.swift */,
				AD2ABCAA1CB95967005EC237 /* LineShape.swift */,
				AD2ABCAC1CB9596D005EC237 /* TShape.swift */,
				AD2ABCAE1CB95974005EC237 /* LShape.swift */,
				AD2ABCB01CB95979005EC237 /* JShape.swift */,
				AD2ABCB21CB9597E005EC237 /* SShape.swift */,
				AD2ABCB41CB95983005EC237 /* ZShape.swift */,
				AD2ABCB61CB95C0E005EC237 /* Tetris.swift */,
			);
			name = Resources;
			sourceTree = "<group>";
		};
/* End PBXGroup section */

/* Begin PBXNativeTarget section */
		ADAFF6BA1CB9449300B29050 /* Tetris-Mac */ = {
			isa = PBXNativeTarget;
			buildConfigurationList = ADAFF6CA1CB9449300B29050 /* Build configuration list for PBXNativeTarget "Tetris-Mac" */;
			buildPhases = (
				ADAFF6B71CB9449300B29050 /* Sources */,
				ADAFF6B81CB9449300B29050 /* Frameworks */,
				ADAFF6B91CB9449300B29050 /* Resources */,
			);
			buildRules = (
			);
			dependencies = (
			);
			name = "Tetris-Mac";
			productName = "Tetris-Mac";
			productReference = ADAFF6BB1CB9449300B29050 /* Tetris-Mac.app */;
			productType = "com.apple.product-type.application";
		};
/* End PBXNativeTarget section */

/* Begin PBXProject section */
		ADAFF6B31CB9449300B29050 /* Project object */ = {
			isa = PBXProject;
			attributes = {
				LastSwiftUpdateCheck = 0730;
				LastUpgradeCheck = 0730;
				ORGANIZATIONNAME = MiniBear0523;
				TargetAttributes = {
					ADAFF6BA1CB9449300B29050 = {
						CreatedOnToolsVersion = 7.3;
					};
				};
			};
			buildConfigurationList = ADAFF6B61CB9449300B29050 /* Build configuration list for PBXProject "Tetris-Mac" */;
			compatibilityVersion = "Xcode 3.2";
			developmentRegion = English;
			hasScannedForEncodings = 0;
			knownRegions = (
				en,
				Base,
			);
			mainGroup = ADAFF6B21CB9449300B29050;
			productRefGroup = ADAFF6BC1CB9449300B29050 /* Products */;
			projectDirPath = "";
			projectRoot = "";
			targets = (
				ADAFF6BA1CB9449300B29050 /* Tetris-Mac */,
			);
		};
/* End PBXProject section */

/* Begin PBXResourcesBuildPhase section */
		ADAFF6B91CB9449300B29050 /* Resources */ = {
			isa = PBXResourcesBuildPhase;
			buildActionMask = 2147483647;
			files = (
				ADAFF6C31CB9449300B29050 /* Assets.xcassets in Resources */,
				ADA693A31CBAA60D0025197D /* gameover.mp3 in Resources */,
				ADA693A21CBAA60D0025197D /* drop.mp3 in Resources */,
				ADA693951CBAA6050025197D /* background.png in Resources */,
				ADA693A51CBAA60D0025197D /* theme.mp3 in Resources */,
				ADA693A11CBAA60D0025197D /* bomb.mp3 in Resources */,
				ADA693991CBAA6050025197D /* whitebg.png in Resources */,
				ADA693971CBAA6050025197D /* gameboard.png in Resources */,
				ADA693A71CBAA6120025197D /* Sprites.atlas in Resources */,
				ADA693981CBAA6050025197D /* gameboard@2x.png in Resources */,
				ADA6939A1CBAA6050025197D /* whitebg@2x.png in Resources */,
				ADA693961CBAA6050025197D /* background@2x.png in Resources */,
				ADA693A41CBAA60D0025197D /* levelup.mp3 in Resources */,
				ADAFF6C61CB9449300B29050 /* Main.storyboard in Resources */,
			);
			runOnlyForDeploymentPostprocessing = 0;
		};
/* End PBXResourcesBuildPhase section */

/* Begin PBXSourcesBuildPhase section */
		ADAFF6B71CB9449300B29050 /* Sources */ = {
			isa = PBXSourcesBuildPhase;
			buildActionMask = 2147483647;
			files = (
				AD2ABCB71CB95C0E005EC237 /* Tetris.swift in Sources */,
				ADAFF6D61CB949DE00B29050 /* Shape.swift in Sources */,
				ADAFF6C11CB9449300B29050 /* ViewController.swift in Sources */,
				AD2ABCB11CB95979005EC237 /* JShape.swift in Sources */,
				AD2ABCA91CB95961005EC237 /* SquareShape.swift in Sources */,
				ADAFF6D41CB947E500B29050 /* Block.swift in Sources */,
				AD2ABCAD1CB9596D005EC237 /* TShape.swift in Sources */,
				AD2ABCB51CB95983005EC237 /* ZShape.swift in Sources */,
				AD2ABCAF1CB95974005EC237 /* LShape.swift in Sources */,
				AD2ABCB31CB9597E005EC237 /* SShape.swift in Sources */,
				ADAFF6CF1CB944E300B29050 /* Array2D.swift in Sources */,
				ADAFF6BF1CB9449300B29050 /* AppDelegate.swift in Sources */,
				ADA6938C1CBA9E330025197D /* GameWindowController.swift in Sources */,
				AD2ABCB91CBA3A9F005EC237 /* GameScene.swift in Sources */,
				AD2ABCAB1CB95967005EC237 /* LineShape.swift in Sources */,
			);
			runOnlyForDeploymentPostprocessing = 0;
		};
/* End PBXSourcesBuildPhase section */

/* Begin PBXVariantGroup section */
		ADAFF6C41CB9449300B29050 /* Main.storyboard */ = {
			isa = PBXVariantGroup;
			children = (
				ADAFF6C51CB9449300B29050 /* Base */,
			);
			name = Main.storyboard;
			sourceTree = "<group>";
		};
/* End PBXVariantGroup section */

/* Begin XCBuildConfiguration section */
		ADAFF6C81CB9449300B29050 /* Debug */ = {
			isa = XCBuildConfiguration;
			buildSettings = {
				ALWAYS_SEARCH_USER_PATHS = NO;
				CLANG_ANALYZER_NONNULL = YES;
				CLANG_CXX_LANGUAGE_STANDARD = "gnu++0x";
				CLANG_CXX_LIBRARY = "libc++";
				CLANG_ENABLE_MODULES = YES;
				CLANG_ENABLE_OBJC_ARC = YES;
				CLANG_WARN_BOOL_CONVERSION = YES;
				CLANG_WARN_CONSTANT_CONVERSION = YES;
				CLANG_WARN_DIRECT_OBJC_ISA_USAGE = YES_ERROR;
				CLANG_WARN_EMPTY_BODY = YES;
				CLANG_WARN_ENUM_CONVERSION = YES;
				CLANG_WARN_INT_CONVERSION = YES;
				CLANG_WARN_OBJC_ROOT_CLASS = YES_ERROR;
				CLANG_WARN_UNREACHABLE_CODE = YES;
				CLANG_WARN__DUPLICATE_METHOD_MATCH = YES;
				CODE_SIGN_IDENTITY = "-";
				COPY_PHASE_STRIP = NO;
				DEBUG_INFORMATION_FORMAT = dwarf;
				ENABLE_STRICT_OBJC_MSGSEND = YES;
				ENABLE_TESTABILITY = YES;
				GCC_C_LANGUAGE_STANDARD = gnu99;
				GCC_DYNAMIC_NO_PIC = NO;
				GCC_NO_COMMON_BLOCKS = YES;
				GCC_OPTIMIZATION_LEVEL = 0;
				GCC_PREPROCESSOR_DEFINITIONS = (
					"DEBUG=1",
					"$(inherited)",
				);
				GCC_WARN_64_TO_32_BIT_CONVERSION = YES;
				GCC_WARN_ABOUT_RETURN_TYPE = YES_ERROR;
				GCC_WARN_UNDECLARED_SELECTOR = YES;
				GCC_WARN_UNINITIALIZED_AUTOS = YES_AGGRESSIVE;
				GCC_WARN_UNUSED_FUNCTION = YES;
				GCC_WARN_UNUSED_VARIABLE = YES;
				MACOSX_DEPLOYMENT_TARGET = 10.11;
				MTL_ENABLE_DEBUG_INFO = YES;
				ONLY_ACTIVE_ARCH = YES;
				SDKROOT = macosx;
				SWIFT_OPTIMIZATION_LEVEL = "-Onone";
			};
			name = Debug;
		};
		ADAFF6C91CB9449300B29050 /* Release */ = {
			isa = XCBuildConfiguration;
			buildSettings = {
				ALWAYS_SEARCH_USER_PATHS = NO;
				CLANG_ANALYZER_NONNULL = YES;
				CLANG_CXX_LANGUAGE_STANDARD = "gnu++0x";
				CLANG_CXX_LIBRARY = "libc++";
				CLANG_ENABLE_MODULES = YES;
				CLANG_ENABLE_OBJC_ARC = YES;
				CLANG_WARN_BOOL_CONVERSION = YES;
				CLANG_WARN_CONSTANT_CONVERSION = YES;
				CLANG_WARN_DIRECT_OBJC_ISA_USAGE = YES_ERROR;
				CLANG_WARN_EMPTY_BODY = YES;
				CLANG_WARN_ENUM_CONVERSION = YES;
				CLANG_WARN_INT_CONVERSION = YES;
				CLANG_WARN_OBJC_ROOT_CLASS = YES_ERROR;
				CLANG_WARN_UNREACHABLE_CODE = YES;
				CLANG_WARN__DUPLICATE_METHOD_MATCH = YES;
				CODE_SIGN_IDENTITY = "-";
				COPY_PHASE_STRIP = NO;
				DEBUG_INFORMATION_FORMAT = "dwarf-with-dsym";
				ENABLE_NS_ASSERTIONS = NO;
				ENABLE_STRICT_OBJC_MSGSEND = YES;
				GCC_C_LANGUAGE_STANDARD = gnu99;
				GCC_NO_COMMON_BLOCKS = YES;
				GCC_WARN_64_TO_32_BIT_CONVERSION = YES;
				GCC_WARN_ABOUT_RETURN_TYPE = YES_ERROR;
				GCC_WARN_UNDECLARED_SELECTOR = YES;
				GCC_WARN_UNINITIALIZED_AUTOS = YES_AGGRESSIVE;
				GCC_WARN_UNUSED_FUNCTION = YES;
				GCC_WARN_UNUSED_VARIABLE = YES;
				MACOSX_DEPLOYMENT_TARGET = 10.11;
				MTL_ENABLE_DEBUG_INFO = NO;
				SDKROOT = macosx;
			};
			name = Release;
		};
		ADAFF6CB1CB9449300B29050 /* Debug */ = {
			isa = XCBuildConfiguration;
			buildSettings = {
				ASSETCATALOG_COMPILER_APPICON_NAME = AppIcon;
				COMBINE_HIDPI_IMAGES = YES;
				INFOPLIST_FILE = "Tetris-Mac/Info.plist";
				LD_RUNPATH_SEARCH_PATHS = "$(inherited) @executable_path/../Frameworks";
				MACOSX_DEPLOYMENT_TARGET = 10.10;
				PRODUCT_BUNDLE_IDENTIFIER = "com.skystarstudio.Tetris-Mac";
				PRODUCT_NAME = "$(TARGET_NAME)";
			};
			name = Debug;
		};
		ADAFF6CC1CB9449300B29050 /* Release */ = {
			isa = XCBuildConfiguration;
			buildSettings = {
				ASSETCATALOG_COMPILER_APPICON_NAME = AppIcon;
				COMBINE_HIDPI_IMAGES = YES;
				INFOPLIST_FILE = "Tetris-Mac/Info.plist";
				LD_RUNPATH_SEARCH_PATHS = "$(inherited) @executable_path/../Frameworks";
				MACOSX_DEPLOYMENT_TARGET = 10.10;
				PRODUCT_BUNDLE_IDENTIFIER = "com.skystarstudio.Tetris-Mac";
				PRODUCT_NAME = "$(TARGET_NAME)";
			};
			name = Release;
		};
/* End XCBuildConfiguration section */

/* Begin XCConfigurationList section */
		ADAFF6B61CB9449300B29050 /* Build configuration list for PBXProject "Tetris-Mac" */ = {
			isa = XCConfigurationList;
			buildConfigurations = (
				ADAFF6C81CB9449300B29050 /* Debug */,
				ADAFF6C91CB9449300B29050 /* Release */,
			);
			defaultConfigurationIsVisible = 0;
			defaultConfigurationName = Release;
		};
		ADAFF6CA1CB9449300B29050 /* Build configuration list for PBXNativeTarget "Tetris-Mac" */ = {
			isa = XCConfigurationList;
			buildConfigurations = (
				ADAFF6CB1CB9449300B29050 /* Debug */,
				ADAFF6CC1CB9449300B29050 /* Release */,
			);
			defaultConfigurationIsVisible = 0;
			defaultConfigurationName = Release;
		};
/* End XCConfigurationList section */
	};
	rootObject = ADAFF6B31CB9449300B29050 /* Project object */;
}
